// !$*UTF8*$!
{
	archiveVersion = 1;
	classes = {
	};
	objectVersion = 52;
	objects = {

/* Begin PBXBuildFile section */
		0806634B27FFAFDF002B717E /* ConditionViewController.swift in Sources */ = {isa = PBXBuildFile; fileRef = 0806634A27FFAFDF002B717E /* ConditionViewController.swift */; };
		0806634D27FFB002002B717E /* Signup1ViewController.swift in Sources */ = {isa = PBXBuildFile; fileRef = 0806634C27FFB002002B717E /* Signup1ViewController.swift */; };
		0806634F27FFB19D002B717E /* SignUp2ViewController.swift in Sources */ = {isa = PBXBuildFile; fileRef = 0806634E27FFB19D002B717E /* SignUp2ViewController.swift */; };
		0806635127FFB44E002B717E /* userlogin.gif in Resources */ = {isa = PBXBuildFile; fileRef = 0806635027FFB44E002B717E /* userlogin.gif */; };
		1304281E2819425400686B33 /* code.swift in Sources */ = {isa = PBXBuildFile; fileRef = 1304281D2819425400686B33 /* code.swift */; };
		1396735A28189E1600E14A3B /* forgetpass.gif in Resources */ = {isa = PBXBuildFile; fileRef = 1396735928189E1600E14A3B /* forgetpass.gif */; };
		2B5887F2CBA1B90C4E7EBD10 /* Pods_OneBlood.framework in Frameworks */ = {isa = PBXBuildFile; fileRef = 42A3377F09D6AB539979FDCE /* Pods_OneBlood.framework */; };
		4323DAE328226FEE00BA9E02 /* AddNeedyViewController.swift in Sources */ = {isa = PBXBuildFile; fileRef = 4323DAE228226FEE00BA9E02 /* AddNeedyViewController.swift */; };
		43631D262818486100972C1C /* Forget1ViewController.swift in Sources */ = {isa = PBXBuildFile; fileRef = 43631D252818486100972C1C /* Forget1ViewController.swift */; };
		43631D2828184D1600972C1C /* Forget2ViewController.swift in Sources */ = {isa = PBXBuildFile; fileRef = 43631D2728184D1600972C1C /* Forget2ViewController.swift */; };
		43631D2A2818529600972C1C /* Forget3ViewController.swift in Sources */ = {isa = PBXBuildFile; fileRef = 43631D292818529600972C1C /* Forget3ViewController.swift */; };
		4388C81728182BF0004C1845 /* SettingViewController.swift in Sources */ = {isa = PBXBuildFile; fileRef = 4388C81628182BF0004C1845 /* SettingViewController.swift */; };
		4388C81928182CB3004C1845 /* infoViewController.swift in Sources */ = {isa = PBXBuildFile; fileRef = 4388C81828182CB3004C1845 /* infoViewController.swift */; };
		73162CC028002B9E002C7B66 /* HomeViewController.swift in Sources */ = {isa = PBXBuildFile; fileRef = 73162CBF28002B9E002C7B66 /* HomeViewController.swift */; };
		73162CC3280030F1002C7B66 /* TabViewController.swift in Sources */ = {isa = PBXBuildFile; fileRef = 73162CC2280030F1002C7B66 /* TabViewController.swift */; };
		733A76982806219200EAE5F8 /* User.swift in Sources */ = {isa = PBXBuildFile; fileRef = 733A76972806219200EAE5F8 /* User.swift */; };
		733A769E28062A5F00EAE5F8 /* Parser.swift in Sources */ = {isa = PBXBuildFile; fileRef = 733A769D28062A5F00EAE5F8 /* Parser.swift */; };
		733A76A9280635C500EAE5F8 /* ApiService.swift in Sources */ = {isa = PBXBuildFile; fileRef = 733A76A8280635C500EAE5F8 /* ApiService.swift */; };
		733A76AC280637B800EAE5F8 /* AuthResponse.swift in Sources */ = {isa = PBXBuildFile; fileRef = 733A76AB280637B800EAE5F8 /* AuthResponse.swift */; };
		733A76B028063EEF00EAE5F8 /* UIContollerAlert.swift in Sources */ = {isa = PBXBuildFile; fileRef = 733A76AF28063EEF00EAE5F8 /* UIContollerAlert.swift */; };
		7383DA3327FF2D4B00C18202 /* AppDelegate.swift in Sources */ = {isa = PBXBuildFile; fileRef = 7383DA3227FF2D4B00C18202 /* AppDelegate.swift */; };
		7383DA3527FF2D4B00C18202 /* SceneDelegate.swift in Sources */ = {isa = PBXBuildFile; fileRef = 7383DA3427FF2D4B00C18202 /* SceneDelegate.swift */; };
		7383DA3727FF2D4B00C18202 /* ViewController.swift in Sources */ = {isa = PBXBuildFile; fileRef = 7383DA3627FF2D4B00C18202 /* ViewController.swift */; };
		7383DA3A27FF2D4B00C18202 /* Main.storyboard in Resources */ = {isa = PBXBuildFile; fileRef = 7383DA3827FF2D4B00C18202 /* Main.storyboard */; };
		7383DA3D27FF2D4B00C18202 /* OneBlood.xcdatamodeld in Sources */ = {isa = PBXBuildFile; fileRef = 7383DA3B27FF2D4B00C18202 /* OneBlood.xcdatamodeld */; };
		7383DA3F27FF2D5500C18202 /* Assets.xcassets in Resources */ = {isa = PBXBuildFile; fileRef = 7383DA3E27FF2D5500C18202 /* Assets.xcassets */; };
		7383DA4227FF2D5500C18202 /* LaunchScreen.storyboard in Resources */ = {isa = PBXBuildFile; fileRef = 7383DA4027FF2D5500C18202 /* LaunchScreen.storyboard */; };
		7383DA4B27FF36E400C18202 /* lottieblood.gif in Resources */ = {isa = PBXBuildFile; fileRef = 7383DA4A27FF36E400C18202 /* lottieblood.gif */; };
		7383DA4E27FF375700C18202 /* lottieGif.swift in Sources */ = {isa = PBXBuildFile; fileRef = 7383DA4D27FF375700C18202 /* lottieGif.swift */; };
		7388016F2806C198008024BB /* ProfilViewController.swift in Sources */ = {isa = PBXBuildFile; fileRef = 7388016E2806C198008024BB /* ProfilViewController.swift */; };
		738801772806FA9D008024BB /* NetworkExtension.framework in Frameworks */ = {isa = PBXBuildFile; fileRef = 738801762806FA9D008024BB /* NetworkExtension.framework */; };
		7BDD8532282B0DA600AF1A63 /* PopOptionsViewController.swift in Sources */ = {isa = PBXBuildFile; fileRef = 7BDD8531282B0DA600AF1A63 /* PopOptionsViewController.swift */; };
		7BDD853B282B329100AF1A63 /* Information.swift in Sources */ = {isa = PBXBuildFile; fileRef = 7BDD853A282B329100AF1A63 /* Information.swift */; };
		7BDD853F282B33F200AF1A63 /* MapViewController.swift in Sources */ = {isa = PBXBuildFile; fileRef = 7BDD853E282B33F200AF1A63 /* MapViewController.swift */; };
		7BDD8543282B359900AF1A63 /* ListMap.swift in Sources */ = {isa = PBXBuildFile; fileRef = 7BDD8542282B359900AF1A63 /* ListMap.swift */; };
		7BDD8546282B430600AF1A63 /* CoreLocation.framework in Frameworks */ = {isa = PBXBuildFile; fileRef = 7BDD8545282B430600AF1A63 /* CoreLocation.framework */; };
		7BDD8556282B869D00AF1A63 /* PopMapViewController.swift in Sources */ = {isa = PBXBuildFile; fileRef = 7BDD8555282B869D00AF1A63 /* PopMapViewController.swift */; };
		942F7352281C2CA700533388 /* HexColor.swift in Sources */ = {isa = PBXBuildFile; fileRef = 942F7351281C2CA700533388 /* HexColor.swift */; };
		945A5C2F281C0DBD003D00E7 /* NeedyViewController.swift in Sources */ = {isa = PBXBuildFile; fileRef = 945A5C2E281C0DBD003D00E7 /* NeedyViewController.swift */; };
		945A5C31281C127A003D00E7 /* Needy.swift in Sources */ = {isa = PBXBuildFile; fileRef = 945A5C30281C127A003D00E7 /* Needy.swift */; };
		E410AD17280F089400232F2D /* FacebookCore in Frameworks */ = {isa = PBXBuildFile; productRef = E410AD16280F089400232F2D /* FacebookCore */; };
		E410AD19280F089400232F2D /* FacebookLogin in Frameworks */ = {isa = PBXBuildFile; productRef = E410AD18280F089400232F2D /* FacebookLogin */; };
		E410AD1B280F089400232F2D /* FacebookShare in Frameworks */ = {isa = PBXBuildFile; productRef = E410AD1A280F089400232F2D /* FacebookShare */; };
		E4BE0A20280EE9EF00668EA6 /* BackendResponse.swift in Sources */ = {isa = PBXBuildFile; fileRef = E4BE0A1F280EE9EF00668EA6 /* BackendResponse.swift */; };
		E4CDC28C2809A67100E0E07D /* shake.swift in Sources */ = {isa = PBXBuildFile; fileRef = E4CDC28B2809A67100E0E07D /* shake.swift */; };
		E4CDC28E2809B66600E0E07D /* UIColor.swift in Sources */ = {isa = PBXBuildFile; fileRef = E4CDC28D2809B66600E0E07D /* UIColor.swift */; };
/* End PBXBuildFile section */

/* Begin PBXFileReference section */
		0806634A27FFAFDF002B717E /* ConditionViewController.swift */ = {isa = PBXFileReference; lastKnownFileType = sourcecode.swift; path = ConditionViewController.swift; sourceTree = "<group>"; };
		0806634C27FFB002002B717E /* Signup1ViewController.swift */ = {isa = PBXFileReference; lastKnownFileType = sourcecode.swift; path = Signup1ViewController.swift; sourceTree = "<group>"; };
		0806634E27FFB19D002B717E /* SignUp2ViewController.swift */ = {isa = PBXFileReference; lastKnownFileType = sourcecode.swift; path = SignUp2ViewController.swift; sourceTree = "<group>"; };
		0806635027FFB44E002B717E /* userlogin.gif */ = {isa = PBXFileReference; lastKnownFileType = image.gif; path = userlogin.gif; sourceTree = "<group>"; };
		1304281D2819425400686B33 /* code.swift */ = {isa = PBXFileReference; lastKnownFileType = sourcecode.swift; path = code.swift; sourceTree = "<group>"; };
		1396735928189E1600E14A3B /* forgetpass.gif */ = {isa = PBXFileReference; lastKnownFileType = image.gif; path = forgetpass.gif; sourceTree = "<group>"; };
		42A3377F09D6AB539979FDCE /* Pods_OneBlood.framework */ = {isa = PBXFileReference; explicitFileType = wrapper.framework; includeInIndex = 0; path = Pods_OneBlood.framework; sourceTree = BUILT_PRODUCTS_DIR; };
		4323DAE228226FEE00BA9E02 /* AddNeedyViewController.swift */ = {isa = PBXFileReference; lastKnownFileType = sourcecode.swift; path = AddNeedyViewController.swift; sourceTree = "<group>"; };
		43631D252818486100972C1C /* Forget1ViewController.swift */ = {isa = PBXFileReference; lastKnownFileType = sourcecode.swift; path = Forget1ViewController.swift; sourceTree = "<group>"; };
		43631D2728184D1600972C1C /* Forget2ViewController.swift */ = {isa = PBXFileReference; lastKnownFileType = sourcecode.swift; path = Forget2ViewController.swift; sourceTree = "<group>"; };
		43631D292818529600972C1C /* Forget3ViewController.swift */ = {isa = PBXFileReference; lastKnownFileType = sourcecode.swift; path = Forget3ViewController.swift; sourceTree = "<group>"; };
		4388C81628182BF0004C1845 /* SettingViewController.swift */ = {isa = PBXFileReference; lastKnownFileType = sourcecode.swift; path = SettingViewController.swift; sourceTree = "<group>"; };
		4388C81828182CB3004C1845 /* infoViewController.swift */ = {isa = PBXFileReference; lastKnownFileType = sourcecode.swift; path = infoViewController.swift; sourceTree = "<group>"; };
		73162CBF28002B9E002C7B66 /* HomeViewController.swift */ = {isa = PBXFileReference; lastKnownFileType = sourcecode.swift; path = HomeViewController.swift; sourceTree = "<group>"; };
		73162CC2280030F1002C7B66 /* TabViewController.swift */ = {isa = PBXFileReference; lastKnownFileType = sourcecode.swift; path = TabViewController.swift; sourceTree = "<group>"; };
		733A76972806219200EAE5F8 /* User.swift */ = {isa = PBXFileReference; lastKnownFileType = sourcecode.swift; path = User.swift; sourceTree = "<group>"; };
		733A769D28062A5F00EAE5F8 /* Parser.swift */ = {isa = PBXFileReference; lastKnownFileType = sourcecode.swift; path = Parser.swift; sourceTree = "<group>"; };
		733A76A8280635C500EAE5F8 /* ApiService.swift */ = {isa = PBXFileReference; lastKnownFileType = sourcecode.swift; path = ApiService.swift; sourceTree = "<group>"; };
		733A76AB280637B800EAE5F8 /* AuthResponse.swift */ = {isa = PBXFileReference; lastKnownFileType = sourcecode.swift; path = AuthResponse.swift; sourceTree = "<group>"; };
		733A76AF28063EEF00EAE5F8 /* UIContollerAlert.swift */ = {isa = PBXFileReference; lastKnownFileType = sourcecode.swift; path = UIContollerAlert.swift; sourceTree = "<group>"; };
		7383DA2F27FF2D4B00C18202 /* OneBlood.app */ = {isa = PBXFileReference; explicitFileType = wrapper.application; includeInIndex = 0; path = OneBlood.app; sourceTree = BUILT_PRODUCTS_DIR; };
		7383DA3227FF2D4B00C18202 /* AppDelegate.swift */ = {isa = PBXFileReference; lastKnownFileType = sourcecode.swift; path = AppDelegate.swift; sourceTree = "<group>"; };
		7383DA3427FF2D4B00C18202 /* SceneDelegate.swift */ = {isa = PBXFileReference; lastKnownFileType = sourcecode.swift; path = SceneDelegate.swift; sourceTree = "<group>"; };
		7383DA3627FF2D4B00C18202 /* ViewController.swift */ = {isa = PBXFileReference; lastKnownFileType = sourcecode.swift; path = ViewController.swift; sourceTree = "<group>"; };
		7383DA3927FF2D4B00C18202 /* Base */ = {isa = PBXFileReference; lastKnownFileType = file.storyboard; name = Base; path = Base.lproj/Main.storyboard; sourceTree = "<group>"; };
		7383DA3C27FF2D4B00C18202 /* OneBlood.xcdatamodel */ = {isa = PBXFileReference; lastKnownFileType = wrapper.xcdatamodel; path = OneBlood.xcdatamodel; sourceTree = "<group>"; };
		7383DA3E27FF2D5500C18202 /* Assets.xcassets */ = {isa = PBXFileReference; lastKnownFileType = folder.assetcatalog; path = Assets.xcassets; sourceTree = "<group>"; };
		7383DA4127FF2D5500C18202 /* Base */ = {isa = PBXFileReference; lastKnownFileType = file.storyboard; name = Base; path = Base.lproj/LaunchScreen.storyboard; sourceTree = "<group>"; };
		7383DA4327FF2D5500C18202 /* Info.plist */ = {isa = PBXFileReference; lastKnownFileType = text.plist.xml; path = Info.plist; sourceTree = "<group>"; };
		7383DA4A27FF36E400C18202 /* lottieblood.gif */ = {isa = PBXFileReference; lastKnownFileType = image.gif; path = lottieblood.gif; sourceTree = "<group>"; };
		7383DA4D27FF375700C18202 /* lottieGif.swift */ = {isa = PBXFileReference; lastKnownFileType = sourcecode.swift; path = lottieGif.swift; sourceTree = "<group>"; };
		7388016E2806C198008024BB /* ProfilViewController.swift */ = {isa = PBXFileReference; lastKnownFileType = sourcecode.swift; path = ProfilViewController.swift; sourceTree = "<group>"; };
		738801742806FA9D008024BB /* OneBlood.entitlements */ = {isa = PBXFileReference; lastKnownFileType = text.plist.entitlements; path = OneBlood.entitlements; sourceTree = "<group>"; };
		738801762806FA9D008024BB /* NetworkExtension.framework */ = {isa = PBXFileReference; lastKnownFileType = wrapper.framework; name = NetworkExtension.framework; path = System/Library/Frameworks/NetworkExtension.framework; sourceTree = SDKROOT; };
		7BDD8531282B0DA600AF1A63 /* PopOptionsViewController.swift */ = {isa = PBXFileReference; lastKnownFileType = sourcecode.swift; path = PopOptionsViewController.swift; sourceTree = "<group>"; };
		7BDD853A282B329100AF1A63 /* Information.swift */ = {isa = PBXFileReference; lastKnownFileType = sourcecode.swift; path = Information.swift; sourceTree = "<group>"; };
		7BDD853E282B33F200AF1A63 /* MapViewController.swift */ = {isa = PBXFileReference; lastKnownFileType = sourcecode.swift; path = MapViewController.swift; sourceTree = "<group>"; };
		7BDD8542282B359900AF1A63 /* ListMap.swift */ = {isa = PBXFileReference; lastKnownFileType = sourcecode.swift; path = ListMap.swift; sourceTree = "<group>"; };
		7BDD8545282B430600AF1A63 /* CoreLocation.framework */ = {isa = PBXFileReference; lastKnownFileType = wrapper.framework; name = CoreLocation.framework; path = System/Library/Frameworks/CoreLocation.framework; sourceTree = SDKROOT; };
		7BDD8549282B4ED100AF1A63 /* myplace.gpx */ = {isa = PBXFileReference; lastKnownFileType = text.xml; path = myplace.gpx; sourceTree = "<group>"; };
		7BDD8555282B869D00AF1A63 /* PopMapViewController.swift */ = {isa = PBXFileReference; lastKnownFileType = sourcecode.swift; path = PopMapViewController.swift; sourceTree = "<group>"; };
		7D4A7A84DFDA1762B29AEFEA /* Pods-OneBlood.debug.xcconfig */ = {isa = PBXFileReference; includeInIndex = 1; lastKnownFileType = text.xcconfig; name = "Pods-OneBlood.debug.xcconfig"; path = "Target Support Files/Pods-OneBlood/Pods-OneBlood.debug.xcconfig"; sourceTree = "<group>"; };
		942F7351281C2CA700533388 /* HexColor.swift */ = {isa = PBXFileReference; lastKnownFileType = sourcecode.swift; path = HexColor.swift; sourceTree = "<group>"; };
		945A5C2E281C0DBD003D00E7 /* NeedyViewController.swift */ = {isa = PBXFileReference; lastKnownFileType = sourcecode.swift; path = NeedyViewController.swift; sourceTree = "<group>"; };
		945A5C30281C127A003D00E7 /* Needy.swift */ = {isa = PBXFileReference; lastKnownFileType = sourcecode.swift; path = Needy.swift; sourceTree = "<group>"; };
		9E8F5BDD8CAB8ADD3CDD282A /* Pods-OneBlood.release.xcconfig */ = {isa = PBXFileReference; includeInIndex = 1; lastKnownFileType = text.xcconfig; name = "Pods-OneBlood.release.xcconfig"; path = "Target Support Files/Pods-OneBlood/Pods-OneBlood.release.xcconfig"; sourceTree = "<group>"; };
		E4BE0A1F280EE9EF00668EA6 /* BackendResponse.swift */ = {isa = PBXFileReference; lastKnownFileType = sourcecode.swift; path = BackendResponse.swift; sourceTree = "<group>"; };
		E4CDC28B2809A67100E0E07D /* shake.swift */ = {isa = PBXFileReference; lastKnownFileType = sourcecode.swift; path = shake.swift; sourceTree = "<group>"; };
		E4CDC28D2809B66600E0E07D /* UIColor.swift */ = {isa = PBXFileReference; lastKnownFileType = sourcecode.swift; path = UIColor.swift; sourceTree = "<group>"; };
/* End PBXFileReference section */

/* Begin PBXFrameworksBuildPhase section */
		7383DA2C27FF2D4B00C18202 /* Frameworks */ = {
			isa = PBXFrameworksBuildPhase;
			buildActionMask = 2147483647;
			files = (
				7BDD8546282B430600AF1A63 /* CoreLocation.framework in Frameworks */,
				E410AD19280F089400232F2D /* FacebookLogin in Frameworks */,
				738801772806FA9D008024BB /* NetworkExtension.framework in Frameworks */,
				E410AD17280F089400232F2D /* FacebookCore in Frameworks */,
				E410AD1B280F089400232F2D /* FacebookShare in Frameworks */,
				2B5887F2CBA1B90C4E7EBD10 /* Pods_OneBlood.framework in Frameworks */,
			);
			runOnlyForDeploymentPostprocessing = 0;
		};
/* End PBXFrameworksBuildPhase section */

/* Begin PBXGroup section */
		17B3AC6A689BF78CE489DC72 /* Pods */ = {
			isa = PBXGroup;
			children = (
				7D4A7A84DFDA1762B29AEFEA /* Pods-OneBlood.debug.xcconfig */,
				9E8F5BDD8CAB8ADD3CDD282A /* Pods-OneBlood.release.xcconfig */,
			);
			path = Pods;
			sourceTree = "<group>";
		};
		43631D242818483D00972C1C /* ForgetPass */ = {
			isa = PBXGroup;
			children = (
				43631D252818486100972C1C /* Forget1ViewController.swift */,
				43631D2728184D1600972C1C /* Forget2ViewController.swift */,
				43631D292818529600972C1C /* Forget3ViewController.swift */,
			);
			path = ForgetPass;
			sourceTree = "<group>";
		};
		733A76962806216200EAE5F8 /* Models */ = {
			isa = PBXGroup;
			children = (
				733A76972806219200EAE5F8 /* User.swift */,
				733A76AB280637B800EAE5F8 /* AuthResponse.swift */,
				E4BE0A1F280EE9EF00668EA6 /* BackendResponse.swift */,
				1304281D2819425400686B33 /* code.swift */,
				945A5C30281C127A003D00E7 /* Needy.swift */,
				7BDD853A282B329100AF1A63 /* Information.swift */,
				7BDD8542282B359900AF1A63 /* ListMap.swift */,
			);
			path = Models;
			sourceTree = "<group>";
		};
		733A769B2806291500EAE5F8 /* Services */ = {
			isa = PBXGroup;
			children = (
			);
			path = Services;
			sourceTree = "<group>";
		};
		733A769C28062A3100EAE5F8 /* ViewModel */ = {
			isa = PBXGroup;
			children = (
				733A769D28062A5F00EAE5F8 /* Parser.swift */,
				733A76A8280635C500EAE5F8 /* ApiService.swift */,
			);
			path = ViewModel;
			sourceTree = "<group>";
		};
		733A76A128062C0700EAE5F8 /* Controller */ = {
			isa = PBXGroup;
			children = (
				43631D242818483D00972C1C /* ForgetPass */,
				73162CBF28002B9E002C7B66 /* HomeViewController.swift */,
				7383DA3627FF2D4B00C18202 /* ViewController.swift */,
				4388C81628182BF0004C1845 /* SettingViewController.swift */,
				4388C81828182CB3004C1845 /* infoViewController.swift */,
				945A5C2E281C0DBD003D00E7 /* NeedyViewController.swift */,
				4323DAE228226FEE00BA9E02 /* AddNeedyViewController.swift */,
				7BDD8531282B0DA600AF1A63 /* PopOptionsViewController.swift */,
				7BDD853E282B33F200AF1A63 /* MapViewController.swift */,
				7BDD8555282B869D00AF1A63 /* PopMapViewController.swift */,
			);
			path = Controller;
			sourceTree = "<group>";
		};
		733A76AE28063EA600EAE5F8 /* Extensions */ = {
			isa = PBXGroup;
			children = (
				733A76AF28063EEF00EAE5F8 /* UIContollerAlert.swift */,
				E4CDC28B2809A67100E0E07D /* shake.swift */,
				E4CDC28D2809B66600E0E07D /* UIColor.swift */,
				942F7351281C2CA700533388 /* HexColor.swift */,
			);
			path = Extensions;
			sourceTree = "<group>";
		};
		7383DA2627FF2D4A00C18202 = {
			isa = PBXGroup;
			children = (
				7383DA3127FF2D4B00C18202 /* OneBlood */,
				7383DA3027FF2D4B00C18202 /* Products */,
				738801752806FA9D008024BB /* Frameworks */,
				17B3AC6A689BF78CE489DC72 /* Pods */,
			);
			sourceTree = "<group>";
		};
		7383DA3027FF2D4B00C18202 /* Products */ = {
			isa = PBXGroup;
			children = (
				7383DA2F27FF2D4B00C18202 /* OneBlood.app */,
			);
			name = Products;
			sourceTree = "<group>";
		};
		7383DA3127FF2D4B00C18202 /* OneBlood */ = {
			isa = PBXGroup;
			children = (
				738801742806FA9D008024BB /* OneBlood.entitlements */,
				733A76AE28063EA600EAE5F8 /* Extensions */,
				733A76A128062C0700EAE5F8 /* Controller */,
				733A769C28062A3100EAE5F8 /* ViewModel */,
				733A769B2806291500EAE5F8 /* Services */,
				733A76962806216200EAE5F8 /* Models */,
				7383DA3227FF2D4B00C18202 /* AppDelegate.swift */,
				7383DA3427FF2D4B00C18202 /* SceneDelegate.swift */,
				7383DA4A27FF36E400C18202 /* lottieblood.gif */,
				7383DA3827FF2D4B00C18202 /* Main.storyboard */,
				7383DA3E27FF2D5500C18202 /* Assets.xcassets */,
				7383DA4027FF2D5500C18202 /* LaunchScreen.storyboard */,
				7383DA4327FF2D5500C18202 /* Info.plist */,
				7383DA3B27FF2D4B00C18202 /* OneBlood.xcdatamodeld */,
				7383DA4D27FF375700C18202 /* lottieGif.swift */,
				0806634A27FFAFDF002B717E /* ConditionViewController.swift */,
				0806634C27FFB002002B717E /* Signup1ViewController.swift */,
				0806634E27FFB19D002B717E /* SignUp2ViewController.swift */,
				0806635027FFB44E002B717E /* userlogin.gif */,
				73162CC2280030F1002C7B66 /* TabViewController.swift */,
				7388016E2806C198008024BB /* ProfilViewController.swift */,
				1396735928189E1600E14A3B /* forgetpass.gif */,
				7BDD8549282B4ED100AF1A63 /* myplace.gpx */,
			);
			path = OneBlood;
			sourceTree = "<group>";
		};
		738801752806FA9D008024BB /* Frameworks */ = {
			isa = PBXGroup;
			children = (
				7BDD8545282B430600AF1A63 /* CoreLocation.framework */,
				738801762806FA9D008024BB /* NetworkExtension.framework */,
				42A3377F09D6AB539979FDCE /* Pods_OneBlood.framework */,
			);
			name = Frameworks;
			sourceTree = "<group>";
		};
/* End PBXGroup section */

/* Begin PBXNativeTarget section */
		7383DA2E27FF2D4B00C18202 /* OneBlood */ = {
			isa = PBXNativeTarget;
			buildConfigurationList = 7383DA4627FF2D5500C18202 /* Build configuration list for PBXNativeTarget "OneBlood" */;
			buildPhases = (
				F3DF79963BE79EBD4BFD367D /* [CP] Check Pods Manifest.lock */,
				7383DA2B27FF2D4B00C18202 /* Sources */,
				7383DA2C27FF2D4B00C18202 /* Frameworks */,
				7383DA2D27FF2D4B00C18202 /* Resources */,
				E49651C52C08A12A67FB3041 /* [CP] Embed Pods Frameworks */,
			);
			buildRules = (
			);
			dependencies = (
			);
			name = OneBlood;
			packageProductDependencies = (
				E410AD16280F089400232F2D /* FacebookCore */,
				E410AD18280F089400232F2D /* FacebookLogin */,
				E410AD1A280F089400232F2D /* FacebookShare */,
			);
			productName = OneBlood;
			productReference = 7383DA2F27FF2D4B00C18202 /* OneBlood.app */;
			productType = "com.apple.product-type.application";
		};
/* End PBXNativeTarget section */

/* Begin PBXProject section */
		7383DA2727FF2D4A00C18202 /* Project object */ = {
			isa = PBXProject;
			attributes = {
				LastSwiftUpdateCheck = 1230;
				LastUpgradeCheck = 1230;
				TargetAttributes = {
					7383DA2E27FF2D4B00C18202 = {
						CreatedOnToolsVersion = 12.3;
					};
				};
			};
			buildConfigurationList = 7383DA2A27FF2D4A00C18202 /* Build configuration list for PBXProject "OneBlood" */;
			compatibilityVersion = "Xcode 9.3";
			developmentRegion = en;
			hasScannedForEncodings = 0;
			knownRegions = (
				en,
				Base,
			);
			mainGroup = 7383DA2627FF2D4A00C18202;
			packageReferences = (
				E410AD15280F089400232F2D /* XCRemoteSwiftPackageReference "facebook-ios-sdk" */,
			);
			productRefGroup = 7383DA3027FF2D4B00C18202 /* Products */;
			projectDirPath = "";
			projectRoot = "";
			targets = (
				7383DA2E27FF2D4B00C18202 /* OneBlood */,
			);
		};
/* End PBXProject section */

/* Begin PBXResourcesBuildPhase section */
		7383DA2D27FF2D4B00C18202 /* Resources */ = {
			isa = PBXResourcesBuildPhase;
			buildActionMask = 2147483647;
			files = (
				7383DA4B27FF36E400C18202 /* lottieblood.gif in Resources */,
				7383DA4227FF2D5500C18202 /* LaunchScreen.storyboard in Resources */,
				7383DA3F27FF2D5500C18202 /* Assets.xcassets in Resources */,
				7383DA3A27FF2D4B00C18202 /* Main.storyboard in Resources */,
				1396735A28189E1600E14A3B /* forgetpass.gif in Resources */,
				0806635127FFB44E002B717E /* userlogin.gif in Resources */,
			);
			runOnlyForDeploymentPostprocessing = 0;
		};
/* End PBXResourcesBuildPhase section */

/* Begin PBXShellScriptBuildPhase section */
		E49651C52C08A12A67FB3041 /* [CP] Embed Pods Frameworks */ = {
			isa = PBXShellScriptBuildPhase;
			buildActionMask = 2147483647;
			files = (
			);
			inputFileListPaths = (
				"${PODS_ROOT}/Target Support Files/Pods-OneBlood/Pods-OneBlood-frameworks-${CONFIGURATION}-input-files.xcfilelist",
			);
			name = "[CP] Embed Pods Frameworks";
			outputFileListPaths = (
				"${PODS_ROOT}/Target Support Files/Pods-OneBlood/Pods-OneBlood-frameworks-${CONFIGURATION}-output-files.xcfilelist",
			);
			runOnlyForDeploymentPostprocessing = 0;
			shellPath = /bin/sh;
			shellScript = "\"${PODS_ROOT}/Target Support Files/Pods-OneBlood/Pods-OneBlood-frameworks.sh\"\n";
			showEnvVarsInLog = 0;
		};
		F3DF79963BE79EBD4BFD367D /* [CP] Check Pods Manifest.lock */ = {
			isa = PBXShellScriptBuildPhase;
			buildActionMask = 2147483647;
			files = (
			);
			inputFileListPaths = (
			);
			inputPaths = (
				"${PODS_PODFILE_DIR_PATH}/Podfile.lock",
				"${PODS_ROOT}/Manifest.lock",
			);
			name = "[CP] Check Pods Manifest.lock";
			outputFileListPaths = (
			);
			outputPaths = (
				"$(DERIVED_FILE_DIR)/Pods-OneBlood-checkManifestLockResult.txt",
			);
			runOnlyForDeploymentPostprocessing = 0;
			shellPath = /bin/sh;
			shellScript = "diff \"${PODS_PODFILE_DIR_PATH}/Podfile.lock\" \"${PODS_ROOT}/Manifest.lock\" > /dev/null\nif [ $? != 0 ] ; then\n    # print error to STDERR\n    echo \"error: The sandbox is not in sync with the Podfile.lock. Run 'pod install' or update your CocoaPods installation.\" >&2\n    exit 1\nfi\n# This output is used by Xcode 'outputs' to avoid re-running this script phase.\necho \"SUCCESS\" > \"${SCRIPT_OUTPUT_FILE_0}\"\n";
			showEnvVarsInLog = 0;
		};
/* End PBXShellScriptBuildPhase section */

/* Begin PBXSourcesBuildPhase section */
		7383DA2B27FF2D4B00C18202 /* Sources */ = {
			isa = PBXSourcesBuildPhase;
			buildActionMask = 2147483647;
			files = (
				945A5C2F281C0DBD003D00E7 /* NeedyViewController.swift in Sources */,
				1304281E2819425400686B33 /* code.swift in Sources */,
				0806634B27FFAFDF002B717E /* ConditionViewController.swift in Sources */,
				7388016F2806C198008024BB /* ProfilViewController.swift in Sources */,
				E4CDC28C2809A67100E0E07D /* shake.swift in Sources */,
				43631D262818486100972C1C /* Forget1ViewController.swift in Sources */,
				E4BE0A20280EE9EF00668EA6 /* BackendResponse.swift in Sources */,
				7383DA4E27FF375700C18202 /* lottieGif.swift in Sources */,
				7383DA3727FF2D4B00C18202 /* ViewController.swift in Sources */,
				733A769E28062A5F00EAE5F8 /* Parser.swift in Sources */,
				7383DA3327FF2D4B00C18202 /* AppDelegate.swift in Sources */,
				E4CDC28E2809B66600E0E07D /* UIColor.swift in Sources */,
				0806634D27FFB002002B717E /* Signup1ViewController.swift in Sources */,
				7BDD8532282B0DA600AF1A63 /* PopOptionsViewController.swift in Sources */,
				73162CC028002B9E002C7B66 /* HomeViewController.swift in Sources */,
				7BDD853F282B33F200AF1A63 /* MapViewController.swift in Sources */,
				945A5C31281C127A003D00E7 /* Needy.swift in Sources */,
				7BDD8556282B869D00AF1A63 /* PopMapViewController.swift in Sources */,
				0806634F27FFB19D002B717E /* SignUp2ViewController.swift in Sources */,
				7BDD853B282B329100AF1A63 /* Information.swift in Sources */,
				4388C81928182CB3004C1845 /* infoViewController.swift in Sources */,
				733A76B028063EEF00EAE5F8 /* UIContollerAlert.swift in Sources */,
				43631D2828184D1600972C1C /* Forget2ViewController.swift in Sources */,
				733A76982806219200EAE5F8 /* User.swift in Sources */,
				7383DA3527FF2D4B00C18202 /* SceneDelegate.swift in Sources */,
				7BDD8543282B359900AF1A63 /* ListMap.swift in Sources */,
				942F7352281C2CA700533388 /* HexColor.swift in Sources */,
				4388C81728182BF0004C1845 /* SettingViewController.swift in Sources */,
				73162CC3280030F1002C7B66 /* TabViewController.swift in Sources */,
				733A76A9280635C500EAE5F8 /* ApiService.swift in Sources */,
				733A76AC280637B800EAE5F8 /* AuthResponse.swift in Sources */,
				7383DA3D27FF2D4B00C18202 /* OneBlood.xcdatamodeld in Sources */,
				43631D2A2818529600972C1C /* Forget3ViewController.swift in Sources */,
				4323DAE328226FEE00BA9E02 /* AddNeedyViewController.swift in Sources */,
			);
			runOnlyForDeploymentPostprocessing = 0;
		};
/* End PBXSourcesBuildPhase section */

/* Begin PBXVariantGroup section */
		7383DA3827FF2D4B00C18202 /* Main.storyboard */ = {
			isa = PBXVariantGroup;
			children = (
				7383DA3927FF2D4B00C18202 /* Base */,
			);
			name = Main.storyboard;
			sourceTree = "<group>";
		};
		7383DA4027FF2D5500C18202 /* LaunchScreen.storyboard */ = {
			isa = PBXVariantGroup;
			children = (
				7383DA4127FF2D5500C18202 /* Base */,
			);
			name = LaunchScreen.storyboard;
			sourceTree = "<group>";
		};
/* End PBXVariantGroup section */

/* Begin XCBuildConfiguration section */
		7383DA4427FF2D5500C18202 /* Debug */ = {
			isa = XCBuildConfiguration;
			buildSettings = {
				ALWAYS_SEARCH_USER_PATHS = NO;
				CLANG_ANALYZER_NONNULL = YES;
				CLANG_ANALYZER_NUMBER_OBJECT_CONVERSION = YES_AGGRESSIVE;
				CLANG_CXX_LANGUAGE_STANDARD = "gnu++14";
				CLANG_CXX_LIBRARY = "libc++";
				CLANG_ENABLE_MODULES = YES;
				CLANG_ENABLE_OBJC_ARC = YES;
				CLANG_ENABLE_OBJC_WEAK = YES;
				CLANG_WARN_BLOCK_CAPTURE_AUTORELEASING = YES;
				CLANG_WARN_BOOL_CONVERSION = YES;
				CLANG_WARN_COMMA = YES;
				CLANG_WARN_CONSTANT_CONVERSION = YES;
				CLANG_WARN_DEPRECATED_OBJC_IMPLEMENTATIONS = YES;
				CLANG_WARN_DIRECT_OBJC_ISA_USAGE = YES_ERROR;
				CLANG_WARN_DOCUMENTATION_COMMENTS = YES;
				CLANG_WARN_EMPTY_BODY = YES;
				CLANG_WARN_ENUM_CONVERSION = YES;
				CLANG_WARN_INFINITE_RECURSION = YES;
				CLANG_WARN_INT_CONVERSION = YES;
				CLANG_WARN_NON_LITERAL_NULL_CONVERSION = YES;
				CLANG_WARN_OBJC_IMPLICIT_RETAIN_SELF = YES;
				CLANG_WARN_OBJC_LITERAL_CONVERSION = YES;
				CLANG_WARN_OBJC_ROOT_CLASS = YES_ERROR;
				CLANG_WARN_QUOTED_INCLUDE_IN_FRAMEWORK_HEADER = YES;
				CLANG_WARN_RANGE_LOOP_ANALYSIS = YES;
				CLANG_WARN_STRICT_PROTOTYPES = YES;
				CLANG_WARN_SUSPICIOUS_MOVE = YES;
				CLANG_WARN_UNGUARDED_AVAILABILITY = YES_AGGRESSIVE;
				CLANG_WARN_UNREACHABLE_CODE = YES;
				CLANG_WARN__DUPLICATE_METHOD_MATCH = YES;
				COPY_PHASE_STRIP = NO;
				DEBUG_INFORMATION_FORMAT = dwarf;
				ENABLE_STRICT_OBJC_MSGSEND = YES;
				ENABLE_TESTABILITY = YES;
				GCC_C_LANGUAGE_STANDARD = gnu11;
				GCC_DYNAMIC_NO_PIC = NO;
				GCC_NO_COMMON_BLOCKS = YES;
				GCC_OPTIMIZATION_LEVEL = 0;
				GCC_PREPROCESSOR_DEFINITIONS = (
					"DEBUG=1",
					"$(inherited)",
				);
				GCC_WARN_64_TO_32_BIT_CONVERSION = YES;
				GCC_WARN_ABOUT_RETURN_TYPE = YES_ERROR;
				GCC_WARN_UNDECLARED_SELECTOR = YES;
				GCC_WARN_UNINITIALIZED_AUTOS = YES_AGGRESSIVE;
				GCC_WARN_UNUSED_FUNCTION = YES;
				GCC_WARN_UNUSED_VARIABLE = YES;
				IPHONEOS_DEPLOYMENT_TARGET = 14.3;
				MTL_ENABLE_DEBUG_INFO = INCLUDE_SOURCE;
				MTL_FAST_MATH = YES;
				ONLY_ACTIVE_ARCH = YES;
				SDKROOT = iphoneos;
				SWIFT_ACTIVE_COMPILATION_CONDITIONS = DEBUG;
				SWIFT_OPTIMIZATION_LEVEL = "-Onone";
			};
			name = Debug;
		};
		7383DA4527FF2D5500C18202 /* Release */ = {
			isa = XCBuildConfiguration;
			buildSettings = {
				ALWAYS_SEARCH_USER_PATHS = NO;
				CLANG_ANALYZER_NONNULL = YES;
				CLANG_ANALYZER_NUMBER_OBJECT_CONVERSION = YES_AGGRESSIVE;
				CLANG_CXX_LANGUAGE_STANDARD = "gnu++14";
				CLANG_CXX_LIBRARY = "libc++";
				CLANG_ENABLE_MODULES = YES;
				CLANG_ENABLE_OBJC_ARC = YES;
				CLANG_ENABLE_OBJC_WEAK = YES;
				CLANG_WARN_BLOCK_CAPTURE_AUTORELEASING = YES;
				CLANG_WARN_BOOL_CONVERSION = YES;
				CLANG_WARN_COMMA = YES;
				CLANG_WARN_CONSTANT_CONVERSION = YES;
				CLANG_WARN_DEPRECATED_OBJC_IMPLEMENTATIONS = YES;
				CLANG_WARN_DIRECT_OBJC_ISA_USAGE = YES_ERROR;
				CLANG_WARN_DOCUMENTATION_COMMENTS = YES;
				CLANG_WARN_EMPTY_BODY = YES;
				CLANG_WARN_ENUM_CONVERSION = YES;
				CLANG_WARN_INFINITE_RECURSION = YES;
				CLANG_WARN_INT_CONVERSION = YES;
				CLANG_WARN_NON_LITERAL_NULL_CONVERSION = YES;
				CLANG_WARN_OBJC_IMPLICIT_RETAIN_SELF = YES;
				CLANG_WARN_OBJC_LITERAL_CONVERSION = YES;
				CLANG_WARN_OBJC_ROOT_CLASS = YES_ERROR;
				CLANG_WARN_QUOTED_INCLUDE_IN_FRAMEWORK_HEADER = YES;
				CLANG_WARN_RANGE_LOOP_ANALYSIS = YES;
				CLANG_WARN_STRICT_PROTOTYPES = YES;
				CLANG_WARN_SUSPICIOUS_MOVE = YES;
				CLANG_WARN_UNGUARDED_AVAILABILITY = YES_AGGRESSIVE;
				CLANG_WARN_UNREACHABLE_CODE = YES;
				CLANG_WARN__DUPLICATE_METHOD_MATCH = YES;
				COPY_PHASE_STRIP = NO;
				DEBUG_INFORMATION_FORMAT = "dwarf-with-dsym";
				ENABLE_NS_ASSERTIONS = NO;
				ENABLE_STRICT_OBJC_MSGSEND = YES;
				GCC_C_LANGUAGE_STANDARD = gnu11;
				GCC_NO_COMMON_BLOCKS = YES;
				GCC_WARN_64_TO_32_BIT_CONVERSION = YES;
				GCC_WARN_ABOUT_RETURN_TYPE = YES_ERROR;
				GCC_WARN_UNDECLARED_SELECTOR = YES;
				GCC_WARN_UNINITIALIZED_AUTOS = YES_AGGRESSIVE;
				GCC_WARN_UNUSED_FUNCTION = YES;
				GCC_WARN_UNUSED_VARIABLE = YES;
				IPHONEOS_DEPLOYMENT_TARGET = 14.3;
				MTL_ENABLE_DEBUG_INFO = NO;
				MTL_FAST_MATH = YES;
				SDKROOT = iphoneos;
				SWIFT_COMPILATION_MODE = wholemodule;
				SWIFT_OPTIMIZATION_LEVEL = "-O";
				VALIDATE_PRODUCT = YES;
			};
			name = Release;
		};
		7383DA4727FF2D5500C18202 /* Debug */ = {
			isa = XCBuildConfiguration;
			baseConfigurationReference = 7D4A7A84DFDA1762B29AEFEA /* Pods-OneBlood.debug.xcconfig */;
			buildSettings = {
				ASSETCATALOG_COMPILER_APPICON_NAME = AppIcon;
				ASSETCATALOG_COMPILER_GLOBAL_ACCENT_COLOR_NAME = AccentColor;
				CODE_SIGN_ENTITLEMENTS = OneBlood/OneBlood.entitlements;
				CODE_SIGN_STYLE = Automatic;
				DEVELOPMENT_TEAM = RK5JSK254G;
				INFOPLIST_FILE = OneBlood/Info.plist;
				LD_RUNPATH_SEARCH_PATHS = (
					"$(inherited)",
					"@executable_path/Frameworks",
				);
				PRODUCT_BUNDLE_IDENTIFIER = com.Oneblood.OneBloodd;
				PRODUCT_NAME = "$(TARGET_NAME)";
				SWIFT_VERSION = 5.0;
				TARGETED_DEVICE_FAMILY = "1,2";
			};
			name = Debug;
		};
		7383DA4827FF2D5500C18202 /* Release */ = {
			isa = XCBuildConfiguration;
			baseConfigurationReference = 9E8F5BDD8CAB8ADD3CDD282A /* Pods-OneBlood.release.xcconfig */;
			buildSettings = {
				ASSETCATALOG_COMPILER_APPICON_NAME = AppIcon;
				ASSETCATALOG_COMPILER_GLOBAL_ACCENT_COLOR_NAME = AccentColor;
				CODE_SIGN_ENTITLEMENTS = OneBlood/OneBlood.entitlements;
				CODE_SIGN_STYLE = Automatic;
				DEVELOPMENT_TEAM = RK5JSK254G;
				INFOPLIST_FILE = OneBlood/Info.plist;
				LD_RUNPATH_SEARCH_PATHS = (
					"$(inherited)",
					"@executable_path/Frameworks",
				);
				PRODUCT_BUNDLE_IDENTIFIER = com.Oneblood.OneBloodd;
				PRODUCT_NAME = "$(TARGET_NAME)";
				SWIFT_VERSION = 5.0;
				TARGETED_DEVICE_FAMILY = "1,2";
			};
			name = Release;
		};
/* End XCBuildConfiguration section */

/* Begin XCConfigurationList section */
		7383DA2A27FF2D4A00C18202 /* Build configuration list for PBXProject "OneBlood" */ = {
			isa = XCConfigurationList;
			buildConfigurations = (
				7383DA4427FF2D5500C18202 /* Debug */,
				7383DA4527FF2D5500C18202 /* Release */,
			);
			defaultConfigurationIsVisible = 0;
			defaultConfigurationName = Release;
		};
		7383DA4627FF2D5500C18202 /* Build configuration list for PBXNativeTarget "OneBlood" */ = {
			isa = XCConfigurationList;
			buildConfigurations = (
				7383DA4727FF2D5500C18202 /* Debug */,
				7383DA4827FF2D5500C18202 /* Release */,
			);
			defaultConfigurationIsVisible = 0;
			defaultConfigurationName = Release;
		};
/* End XCConfigurationList section */

/* Begin XCRemoteSwiftPackageReference section */
		E410AD15280F089400232F2D /* XCRemoteSwiftPackageReference "facebook-ios-sdk" */ = {
			isa = XCRemoteSwiftPackageReference;
			repositoryURL = "https://github.com/facebook/facebook-ios-sdk";
			requirement = {
				kind = upToNextMajorVersion;
				minimumVersion = 9.0.0;
			};
		};
/* End XCRemoteSwiftPackageReference section */

/* Begin XCSwiftPackageProductDependency section */
		E410AD16280F089400232F2D /* FacebookCore */ = {
			isa = XCSwiftPackageProductDependency;
			package = E410AD15280F089400232F2D /* XCRemoteSwiftPackageReference "facebook-ios-sdk" */;
			productName = FacebookCore;
		};
		E410AD18280F089400232F2D /* FacebookLogin */ = {
			isa = XCSwiftPackageProductDependency;
			package = E410AD15280F089400232F2D /* XCRemoteSwiftPackageReference "facebook-ios-sdk" */;
			productName = FacebookLogin;
		};
		E410AD1A280F089400232F2D /* FacebookShare */ = {
			isa = XCSwiftPackageProductDependency;
			package = E410AD15280F089400232F2D /* XCRemoteSwiftPackageReference "facebook-ios-sdk" */;
			productName = FacebookShare;
		};
/* End XCSwiftPackageProductDependency section */

/* Begin XCVersionGroup section */
		7383DA3B27FF2D4B00C18202 /* OneBlood.xcdatamodeld */ = {
			isa = XCVersionGroup;
			children = (
				7383DA3C27FF2D4B00C18202 /* OneBlood.xcdatamodel */,
			);
			currentVersion = 7383DA3C27FF2D4B00C18202 /* OneBlood.xcdatamodel */;
			path = OneBlood.xcdatamodeld;
			sourceTree = "<group>";
			versionGroupType = wrapper.xcdatamodel;
		};
/* End XCVersionGroup section */
	};
	rootObject = 7383DA2727FF2D4A00C18202 /* Project object */;
}
